
Microsoft Visual Studio Solution File, Format Version 12.00
# Visual Studio Version 17
VisualStudioVersion = 17.8.34511.84
MinimumVisualStudioVersion = 10.0.40219.1
Project("{FAE04EC0-301F-11D3-BF4B-00C04F79EFBC}") = "MvcCreditApp", "MvcCreditApp.csproj", "{9E54907D-DDE2-4E22-8730-3AD45247A4E6}"
EndProject
Global
	GlobalSection(SolutionConfigurationPlatforms) = preSolution
		Debug|Any CPU = Debug|Any CPU
		Release|Any CPU = Release|Any CPU
	EndGlobalSection
	GlobalSection(ProjectConfigurationPlatforms) = postSolution
		{9E54907D-DDE2-4E22-8730-3AD45247A4E6}.Debug|Any CPU.ActiveCfg = Debug|Any CPU
		{9E54907D-DDE2-4E22-8730-3AD45247A4E6}.Debug|Any CPU.Build.0 = Debug|Any CPU
		{9E54907D-DDE2-4E22-8730-3AD45247A4E6}.Release|Any CPU.ActiveCfg = Release|Any CPU
		{9E54907D-DDE2-4E22-8730-3AD45247A4E6}.Release|Any CPU.Build.0 = Release|Any CPU
	EndGlobalSection
	GlobalSection(SolutionProperties) = preSolution
		HideSolutionNode = FALSE
	EndGlobalSection
	GlobalSection(ExtensibilityGlobals) = postSolution
		SolutionGuid = {AF662155-CC62-45B7-B92F-3923BAD6812B}
	EndGlobalSection
EndGlobal
